
Microsoft Visual Studio Solution File, Format Version 12.00
# Visual Studio Version 16
VisualStudioVersion = 16.0.31321.278
MinimumVisualStudioVersion = 10.0.40219.1
Project("{9A19103F-16F7-4668-BE54-9A1E7A4F7556}") = "Oscar's Launcher", "Oscar's Launcher.csproj", "{3B0FE27C-4EA8-482A-AEDA-9B875E0B87EB}"
EndProject
Global
	GlobalSection(SolutionConfigurationPlatforms) = preSolution
		Debug|Any CPU = Debug|Any CPU
		Release|Any CPU = Release|Any CPU
	EndGlobalSection
	GlobalSection(ProjectConfigurationPlatforms) = postSolution
		{3B0FE27C-4EA8-482A-AEDA-9B875E0B87EB}.Debug|Any CPU.ActiveCfg = Debug|Any CPU
		{3B0FE27C-4EA8-482A-AEDA-9B875E0B87EB}.Debug|Any CPU.Build.0 = Debug|Any CPU
		{3B0FE27C-4EA8-482A-AEDA-9B875E0B87EB}.Release|Any CPU.ActiveCfg = Release|Any CPU
		{3B0FE27C-4EA8-482A-AEDA-9B875E0B87EB}.Release|Any CPU.Build.0 = Release|Any CPU
	EndGlobalSection
	GlobalSection(SolutionProperties) = preSolution
		HideSolutionNode = FALSE
	EndGlobalSection
	GlobalSection(ExtensibilityGlobals) = postSolution
		SolutionGuid = {419DDE0A-BACA-44F2-98D4-A6860C1F7184}
	EndGlobalSection
EndGlobal
